{
  "name": "monocycle",
  "version": "1.0.1",
  "lockfileVersion": 1,
  "requires": true,
  "dependencies": {
    "@cycle/isolate": {
      "version": "3.4.0",
      "resolved": "https://registry.npmjs.org/@cycle/isolate/-/isolate-3.4.0.tgz",
      "integrity": "sha512-mOAlwLeTr6wTdHwKWAfaFeuKeD540kKcJlLVKsqLhbfLp6orF1B3CzMfFNlmqNY30t6o6TORCFfV+0EATK9Y7Q==",
      "requires": {
        "@cycle/run": "^4.4.0",
        "xstream": "^11.7.0"
      }
    },
    "@cycle/run": {
      "version": "4.4.0",
      "resolved": "https://registry.npmjs.org/@cycle/run/-/run-4.4.0.tgz",
      "integrity": "sha512-vVxnTqKKlgasE+we9X2z3og8z5KouO2RMiIgHWkVek+NomsdaeZwfvbutqzm3VToEImaz0DE2Iln9AxtCOVjpQ==",
      "requires": {
        "quicktask": "1.1.0",
        "xstream": "10.x || 11.x"
      }
    },
    "browser-assert": {
      "version": "1.2.1",
      "resolved": "https://registry.npmjs.org/browser-assert/-/browser-assert-1.2.1.tgz",
      "integrity": "sha1-mqpaKox0aFwq4Fv+Ru/WBvBowgA="
    },
    "cycle-onionify": {
      "version": "4.0.0",
      "resolved": "https://registry.npmjs.org/cycle-onionify/-/cycle-onionify-4.0.0.tgz",
      "integrity": "sha1-mu3diN7fb9qfu5ix55qziBC33do=",
      "requires": {
        "@cycle/isolate": ">=3",
        "@cycle/run": "*",
        "xstream": ">=10"
      }
    },
    "cyclejs-utils": {
      "version": "3.1.0",
      "resolved": "https://registry.npmjs.org/cyclejs-utils/-/cyclejs-utils-3.1.0.tgz",
      "integrity": "sha512-psL7WgVqXWDKIKl/LGOu/pI/cvust/4hwT/iq9yhgEBou+JpoN2K2/6vschKQIanVaPGOAwYir2QC4/Rn78OdA==",
      "requires": {
        "cycle-onionify": "^4.0.0"
      }
    },
    "lodash": {
      "version": "4.17.10",
      "resolved": "https://registry.npmjs.org/lodash/-/lodash-4.17.10.tgz",
      "integrity": "sha512-UejweD1pDoXu+AD825lWwp4ZGtSwgnpZxb3JDViD7StjQz+Nb/6l093lx4OQ0foGWNRoc19mWy7BzL+UAK2iVg=="
    },
    "quicktask": {
      "version": "1.1.0",
      "resolved": "https://registry.npmjs.org/quicktask/-/quicktask-1.1.0.tgz",
      "integrity": "sha512-b3w19IEXnt5auacLAbePVsqPyVQUwmuhJQrrWnVhm4pP8PAMg2U9vFHbAD9XYXXbMDjdLJs0x5NLqwTV8uFK4g=="
    },
    "ramda": {
      "version": "0.25.0",
      "resolved": "https://registry.npmjs.org/ramda/-/ramda-0.25.0.tgz",
      "integrity": "sha512-GXpfrYVPwx3K7RQ6aYT8KPS8XViSXUVJT1ONhoKPE9VAleW42YE+U+8VEyGWt41EnEQW7gwecYJriTI0pKoecQ=="
    },
    "symbol-observable": {
      "version": "1.2.0",
      "resolved": "https://registry.npmjs.org/symbol-observable/-/symbol-observable-1.2.0.tgz",
      "integrity": "sha512-e900nM8RRtGhlV36KGEU9k65K3mPb1WV70OdjfxlG2EAuM1noi/E/BaW/uMhL7bPEssK8QV57vN3esixjUvcXQ=="
    },
    "xstream": {
      "version": "11.7.0",
      "resolved": "https://registry.npmjs.org/xstream/-/xstream-11.7.0.tgz",
      "integrity": "sha512-wO3TXiQd2/1UZNVsixDIcQgAN6TU4sGH7qIXvs1CRp1kgtkpU8YTfyKt/z/Z1psqcGnR0cJJxHaCnBxtktLx9w==",
      "requires": {
        "symbol-observable": "1.2.0"
      }
    }
  }
}
