# THIS IS AN AUTOGENERATED FILE. DO NOT EDIT THIS FILE DIRECTLY.
# yarn lockfile v1


"@cycle/isolate@>=3":
  version "3.4.0"
  resolved "https://registry.yarnpkg.com/@cycle/isolate/-/isolate-3.4.0.tgz#df693726c9593e5d903309da7dc5692d57720489"
  dependencies:
    "@cycle/run" "^4.4.0"
    xstream "^11.7.0"

"@cycle/run@*", "@cycle/run@^4.4.0":
  version "4.4.0"
  resolved "https://registry.yarnpkg.com/@cycle/run/-/run-4.4.0.tgz#8013702548b1992f665b9f2f42882996871ccf8f"
  dependencies:
    quicktask "1.1.0"
    xstream "10.x || 11.x"

browser-assert@^1.2.1:
  version "1.2.1"
  resolved "https://registry.yarnpkg.com/browser-assert/-/browser-assert-1.2.1.tgz#9aaa5a2a8c74685c2ae05bfe46efd606f068c200"

cycle-onionify@^4.0.0:
  version "4.0.0"
  resolved "https://registry.yarnpkg.com/cycle-onionify/-/cycle-onionify-4.0.0.tgz#9aeddd88dedf6fda9fbb98b1e79ab38810b7ddda"
  dependencies:
    "@cycle/isolate" ">=3"
    "@cycle/run" "*"
    xstream ">=10"

cyclejs-utils@^3.1.0:
  version "3.1.0"
  resolved "https://registry.yarnpkg.com/cyclejs-utils/-/cyclejs-utils-3.1.0.tgz#686016d65640ea6b51112eb0d92e6b893272d277"
  dependencies:
    cycle-onionify "^4.0.0"

lodash@^4.17.10:
  version "4.17.10"
  resolved "https://registry.yarnpkg.com/lodash/-/lodash-4.17.10.tgz#1b7793cf7259ea38fb3661d4d38b3260af8ae4e7"

quicktask@1.1.0:
  version "1.1.0"
  resolved "https://registry.yarnpkg.com/quicktask/-/quicktask-1.1.0.tgz#70795fd5922fb122100e662118c73a06aadd7352"

ramda@^0.25.0:
  version "0.25.0"
  resolved "https://registry.yarnpkg.com/ramda/-/ramda-0.25.0.tgz#8fdf68231cffa90bc2f9460390a0cb74a29b29a9"

symbol-observable@1.2.0:
  version "1.2.0"
  resolved "https://registry.yarnpkg.com/symbol-observable/-/symbol-observable-1.2.0.tgz#c22688aed4eab3cdc2dfeacbb561660560a00804"

"xstream@10.x || 11.x", xstream@>=10, xstream@^11.7.0:
  version "11.7.0"
  resolved "https://registry.yarnpkg.com/xstream/-/xstream-11.7.0.tgz#6557e9710e1ab05ae28b6902af41745250d32e36"
  dependencies:
    symbol-observable "1.2.0"
